
Microsoft Visual Studio Solution File, Format Version 12.00
# Visual Studio 15
Project("{FAE04EC0-301F-11D3-BF4B-00C04F79EFBC}") = "GroceryStorePOS", "GroceryStorePOS\GroceryStorePOS.csproj", "{53E6A7CC-753B-4888-8DE6-0E472CD4348A}"
EndProject
Project("{FAE04EC0-301F-11D3-BF4B-00C04F79EFBC}") = "Core.Models", "Core.Models\Core.Models.csproj", "{D1844A48-70D3-4790-AE74-57F49854FC7A}"
EndProject
Project("{FAE04EC0-301F-11D3-BF4B-00C04F79EFBC}") = "Tests.Common.GroceryStorePOS", "Tests.Common.GroceryStorePOS\Tests.Common.GroceryStorePOS.csproj", "{1DE1F13C-7637-4C44-9703-9BA99C2E9F0D}"
EndProject
Global
	GlobalSection(SolutionConfigurationPlatforms) = preSolution
		Debug|Any CPU = Debug|Any CPU
		Release|Any CPU = Release|Any CPU
	EndGlobalSection
	GlobalSection(ProjectConfigurationPlatforms) = postSolution
		{53E6A7CC-753B-4888-8DE6-0E472CD4348A}.Debug|Any CPU.ActiveCfg = Debug|Any CPU
		{53E6A7CC-753B-4888-8DE6-0E472CD4348A}.Debug|Any CPU.Build.0 = Debug|Any CPU
		{53E6A7CC-753B-4888-8DE6-0E472CD4348A}.Release|Any CPU.ActiveCfg = Release|Any CPU
		{53E6A7CC-753B-4888-8DE6-0E472CD4348A}.Release|Any CPU.Build.0 = Release|Any CPU
		{D1844A48-70D3-4790-AE74-57F49854FC7A}.Debug|Any CPU.ActiveCfg = Debug|Any CPU
		{D1844A48-70D3-4790-AE74-57F49854FC7A}.Debug|Any CPU.Build.0 = Debug|Any CPU
		{D1844A48-70D3-4790-AE74-57F49854FC7A}.Release|Any CPU.ActiveCfg = Release|Any CPU
		{D1844A48-70D3-4790-AE74-57F49854FC7A}.Release|Any CPU.Build.0 = Release|Any CPU
		{1DE1F13C-7637-4C44-9703-9BA99C2E9F0D}.Debug|Any CPU.ActiveCfg = Debug|Any CPU
		{1DE1F13C-7637-4C44-9703-9BA99C2E9F0D}.Debug|Any CPU.Build.0 = Debug|Any CPU
		{1DE1F13C-7637-4C44-9703-9BA99C2E9F0D}.Release|Any CPU.ActiveCfg = Release|Any CPU
		{1DE1F13C-7637-4C44-9703-9BA99C2E9F0D}.Release|Any CPU.Build.0 = Release|Any CPU
	EndGlobalSection
EndGlobal
